// !$*UTF8*$!
{
	archiveVersion = 1;
	classes = {
	};
	objectVersion = 60;
	objects = {

/* Begin PBXBuildFile section */
		200CB8A22B1BC78D006A7DD7 /* ManagerContainer.swift in Sources */ = {isa = PBXBuildFile; fileRef = 200CB8A12B1BC78D006A7DD7 /* ManagerContainer.swift */; };
		200CB8A62B1BC855006A7DD7 /* Coordinator.swift in Sources */ = {isa = PBXBuildFile; fileRef = 200CB8A52B1BC855006A7DD7 /* Coordinator.swift */; };
		200CB8A92B1BCAD9006A7DD7 /* Core in Frameworks */ = {isa = PBXBuildFile; productRef = 200CB8A82B1BCAD9006A7DD7 /* Core */; };
		200CB8AC2B1BCAE2006A7DD7 /* SharedUI in Frameworks */ = {isa = PBXBuildFile; productRef = 200CB8AB2B1BCAE2006A7DD7 /* SharedUI */; };
		200CB8AE2B1BCD40006A7DD7 /* AppCoordinating.swift in Sources */ = {isa = PBXBuildFile; fileRef = 200CB8AD2B1BCD40006A7DD7 /* AppCoordinating.swift */; };
		200CB8B02B1BCD75006A7DD7 /* SceneCoordinating.swift in Sources */ = {isa = PBXBuildFile; fileRef = 200CB8AF2B1BCD75006A7DD7 /* SceneCoordinating.swift */; };
		200CB8B22B1BCD96006A7DD7 /* ViewControllerCoordinating.swift in Sources */ = {isa = PBXBuildFile; fileRef = 200CB8B12B1BCD96006A7DD7 /* ViewControllerCoordinating.swift */; };
		200CB8B52B1BCFF0006A7DD7 /* Core in Frameworks */ = {isa = PBXBuildFile; productRef = 200CB8B42B1BCFF0006A7DD7 /* Core */; };
		200CB8B82B1BCFF9006A7DD7 /* SharedUI in Frameworks */ = {isa = PBXBuildFile; productRef = 200CB8B72B1BCFF9006A7DD7 /* SharedUI */; };
		200CB8BB2B1BD0BC006A7DD7 /* Swinject in Frameworks */ = {isa = PBXBuildFile; productRef = 200CB8BA2B1BD0BC006A7DD7 /* Swinject */; };
		205CD7702B3EAB27001649CF /* TeamCreationEventHandling.swift in Sources */ = {isa = PBXBuildFile; fileRef = 205CD76F2B3EAB27001649CF /* TeamCreationEventHandling.swift */; };
		207ED6222B1CBF7600273139 /* InitialSceneCoordinator.swift in Sources */ = {isa = PBXBuildFile; fileRef = 207ED6212B1CBF7600273139 /* InitialSceneCoordinator.swift */; };
		207ED6242B1CBFEF00273139 /* InitialSceneCoordinating.swift in Sources */ = {isa = PBXBuildFile; fileRef = 207ED6232B1CBFEF00273139 /* InitialSceneCoordinating.swift */; };
		207ED6272B1CC14C00273139 /* LaunchScreen.storyboard in Resources */ = {isa = PBXBuildFile; fileRef = 207ED6262B1CC14C00273139 /* LaunchScreen.storyboard */; };
		207ED6322B1CC50800273139 /* RswiftLibrary in Frameworks */ = {isa = PBXBuildFile; productRef = 207ED6312B1CC50800273139 /* RswiftLibrary */; };
		207ED6342B1CC50800273139 /* rswift in Frameworks */ = {isa = PBXBuildFile; productRef = 207ED6332B1CC50800273139 /* rswift */; };
		207ED6372B1CC71000273139 /* AppDelegate.swift in Sources */ = {isa = PBXBuildFile; fileRef = 207ED6362B1CC71000273139 /* AppDelegate.swift */; };
		207ED6392B1CC75900273139 /* SceneDelegate.swift in Sources */ = {isa = PBXBuildFile; fileRef = 207ED6382B1CC75900273139 /* SceneDelegate.swift */; };
		207ED63C2B1CCEA200273139 /* AppLifecycleResponding.swift in Sources */ = {isa = PBXBuildFile; fileRef = 207ED63B2B1CCEA200273139 /* AppLifecycleResponding.swift */; };
		207ED63F2B1CD1BD00273139 /* AppCoordinator.swift in Sources */ = {isa = PBXBuildFile; fileRef = 207ED63E2B1CD1BD00273139 /* AppCoordinator.swift */; };
		2080979F2B12524600972BE9 /* Assets.xcassets in Resources */ = {isa = PBXBuildFile; fileRef = 2080979E2B12524600972BE9 /* Assets.xcassets */; };
		208FC61B2B125C930028F500 /* SharedUI in Frameworks */ = {isa = PBXBuildFile; productRef = 208FC61A2B125C930028F500 /* SharedUI */; };
		20AA745D2B37861600200C24 /* GameCoordinator.swift in Sources */ = {isa = PBXBuildFile; fileRef = 20AA745C2B37861600200C24 /* GameCoordinator.swift */; };
		20CF606A2B2CDFDC0032573A /* MainMenuCoordinator.swift in Sources */ = {isa = PBXBuildFile; fileRef = 20CF60692B2CDFDC0032573A /* MainMenuCoordinator.swift */; };
		20CF606C2B3038AD0032573A /* ViewModelRegistration.swift in Sources */ = {isa = PBXBuildFile; fileRef = 20CF606B2B3038AD0032573A /* ViewModelRegistration.swift */; };
		20E2394B2B3EFCB30049D6BC /* InfrastructureRegistration.swift in Sources */ = {isa = PBXBuildFile; fileRef = 20E2394A2B3EFCB30049D6BC /* InfrastructureRegistration.swift */; };
		20EAA7542B22534F001A31D7 /* CoordinatorsFactory.swift in Sources */ = {isa = PBXBuildFile; fileRef = 20EAA7532B22534F001A31D7 /* CoordinatorsFactory.swift */; };
		20EAA7572B2963EE001A31D7 /* NavigationControllerCoordinating.swift in Sources */ = {isa = PBXBuildFile; fileRef = 20EAA7562B2963EE001A31D7 /* NavigationControllerCoordinating.swift */; };
		20EAA75A2B29647B001A31D7 /* ViewControllerCoordinating+Show.swift in Sources */ = {isa = PBXBuildFile; fileRef = 20EAA7592B29647B001A31D7 /* ViewControllerCoordinating+Show.swift */; };
/* End PBXBuildFile section */

/* Begin PBXFileReference section */
		200CB8A12B1BC78D006A7DD7 /* ManagerContainer.swift */ = {isa = PBXFileReference; lastKnownFileType = sourcecode.swift; path = ManagerContainer.swift; sourceTree = "<group>"; };
		200CB8A52B1BC855006A7DD7 /* Coordinator.swift */ = {isa = PBXFileReference; lastKnownFileType = sourcecode.swift; path = Coordinator.swift; sourceTree = "<group>"; };
		200CB8AD2B1BCD40006A7DD7 /* AppCoordinating.swift */ = {isa = PBXFileReference; lastKnownFileType = sourcecode.swift; path = AppCoordinating.swift; sourceTree = "<group>"; };
		200CB8AF2B1BCD75006A7DD7 /* SceneCoordinating.swift */ = {isa = PBXFileReference; lastKnownFileType = sourcecode.swift; path = SceneCoordinating.swift; sourceTree = "<group>"; };
		200CB8B12B1BCD96006A7DD7 /* ViewControllerCoordinating.swift */ = {isa = PBXFileReference; lastKnownFileType = sourcecode.swift; path = ViewControllerCoordinating.swift; sourceTree = "<group>"; };
		205CD76F2B3EAB27001649CF /* TeamCreationEventHandling.swift */ = {isa = PBXFileReference; lastKnownFileType = sourcecode.swift; path = TeamCreationEventHandling.swift; sourceTree = "<group>"; };
		207ED6212B1CBF7600273139 /* InitialSceneCoordinator.swift */ = {isa = PBXFileReference; lastKnownFileType = sourcecode.swift; path = InitialSceneCoordinator.swift; sourceTree = "<group>"; };
		207ED6232B1CBFEF00273139 /* InitialSceneCoordinating.swift */ = {isa = PBXFileReference; lastKnownFileType = sourcecode.swift; path = InitialSceneCoordinating.swift; sourceTree = "<group>"; };
		207ED6262B1CC14C00273139 /* LaunchScreen.storyboard */ = {isa = PBXFileReference; lastKnownFileType = file.storyboard; path = LaunchScreen.storyboard; sourceTree = "<group>"; };
		207ED6362B1CC71000273139 /* AppDelegate.swift */ = {isa = PBXFileReference; lastKnownFileType = sourcecode.swift; path = AppDelegate.swift; sourceTree = "<group>"; };
		207ED6382B1CC75900273139 /* SceneDelegate.swift */ = {isa = PBXFileReference; lastKnownFileType = sourcecode.swift; path = SceneDelegate.swift; sourceTree = "<group>"; };
		207ED63B2B1CCEA200273139 /* AppLifecycleResponding.swift */ = {isa = PBXFileReference; lastKnownFileType = sourcecode.swift; path = AppLifecycleResponding.swift; sourceTree = "<group>"; };
		207ED63E2B1CD1BD00273139 /* AppCoordinator.swift */ = {isa = PBXFileReference; lastKnownFileType = sourcecode.swift; path = AppCoordinator.swift; sourceTree = "<group>"; };
		207ED6402B1CD3F400273139 /* Info.plist */ = {isa = PBXFileReference; lastKnownFileType = text.plist; path = Info.plist; sourceTree = "<group>"; };
		208097972B12524500972BE9 /* Partyvity.app */ = {isa = PBXFileReference; explicitFileType = wrapper.application; includeInIndex = 0; path = Partyvity.app; sourceTree = BUILT_PRODUCTS_DIR; };
		2080979E2B12524600972BE9 /* Assets.xcassets */ = {isa = PBXFileReference; lastKnownFileType = folder.assetcatalog; path = Assets.xcassets; sourceTree = "<group>"; };
		208FC61C2B125DAA0028F500 /* SharedUI */ = {isa = PBXFileReference; lastKnownFileType = wrapper; path = SharedUI; sourceTree = "<group>"; };
		20AA745C2B37861600200C24 /* GameCoordinator.swift */ = {isa = PBXFileReference; lastKnownFileType = sourcecode.swift; path = GameCoordinator.swift; sourceTree = "<group>"; };
		20CF60692B2CDFDC0032573A /* MainMenuCoordinator.swift */ = {isa = PBXFileReference; lastKnownFileType = sourcecode.swift; path = MainMenuCoordinator.swift; sourceTree = "<group>"; };
		20CF606B2B3038AD0032573A /* ViewModelRegistration.swift */ = {isa = PBXFileReference; lastKnownFileType = sourcecode.swift; path = ViewModelRegistration.swift; sourceTree = "<group>"; };
		20D39D142B13400A00C6288E /* Core */ = {isa = PBXFileReference; lastKnownFileType = wrapper; path = Core; sourceTree = "<group>"; };
		20E2394A2B3EFCB30049D6BC /* InfrastructureRegistration.swift */ = {isa = PBXFileReference; lastKnownFileType = sourcecode.swift; path = InfrastructureRegistration.swift; sourceTree = "<group>"; };
		20EAA7532B22534F001A31D7 /* CoordinatorsFactory.swift */ = {isa = PBXFileReference; lastKnownFileType = sourcecode.swift; path = CoordinatorsFactory.swift; sourceTree = "<group>"; };
		20EAA7562B2963EE001A31D7 /* NavigationControllerCoordinating.swift */ = {isa = PBXFileReference; lastKnownFileType = sourcecode.swift; path = NavigationControllerCoordinating.swift; sourceTree = "<group>"; };
		20EAA7592B29647B001A31D7 /* ViewControllerCoordinating+Show.swift */ = {isa = PBXFileReference; lastKnownFileType = sourcecode.swift; path = "ViewControllerCoordinating+Show.swift"; sourceTree = "<group>"; };
/* End PBXFileReference section */

/* Begin PBXFrameworksBuildPhase section */
		208097942B12524500972BE9 /* Frameworks */ = {
			isa = PBXFrameworksBuildPhase;
			buildActionMask = 2147483647;
			files = (
				200CB8AC2B1BCAE2006A7DD7 /* SharedUI in Frameworks */,
				207ED6322B1CC50800273139 /* RswiftLibrary in Frameworks */,
				200CB8A92B1BCAD9006A7DD7 /* Core in Frameworks */,
				200CB8B82B1BCFF9006A7DD7 /* SharedUI in Frameworks */,
				208FC61B2B125C930028F500 /* SharedUI in Frameworks */,
				200CB8B52B1BCFF0006A7DD7 /* Core in Frameworks */,
				200CB8BB2B1BD0BC006A7DD7 /* Swinject in Frameworks */,
				207ED6342B1CC50800273139 /* rswift in Frameworks */,
			);
			runOnlyForDeploymentPostprocessing = 0;
		};
/* End PBXFrameworksBuildPhase section */

/* Begin PBXGroup section */
		200CB8A02B1BC77D006A7DD7 /* DependencyInjection */ = {
			isa = PBXGroup;
			children = (
				200CB8A12B1BC78D006A7DD7 /* ManagerContainer.swift */,
				20CF606B2B3038AD0032573A /* ViewModelRegistration.swift */,
				20E2394A2B3EFCB30049D6BC /* InfrastructureRegistration.swift */,
			);
			path = DependencyInjection;
			sourceTree = "<group>";
		};
		200CB8A32B1BC832006A7DD7 /* Navigation */ = {
			isa = PBXGroup;
			children = (
				20EAA7522B225337001A31D7 /* Factory */,
				207ED63D2B1CD1B600273139 /* App */,
				207ED61F2B1CBF5700273139 /* Coordinators */,
				200CB8A42B1BC846006A7DD7 /* Protocols */,
			);
			path = Navigation;
			sourceTree = "<group>";
		};
		200CB8A42B1BC846006A7DD7 /* Protocols */ = {
			isa = PBXGroup;
			children = (
				200CB8A52B1BC855006A7DD7 /* Coordinator.swift */,
				200CB8AF2B1BCD75006A7DD7 /* SceneCoordinating.swift */,
				200CB8AD2B1BCD40006A7DD7 /* AppCoordinating.swift */,
				200CB8B12B1BCD96006A7DD7 /* ViewControllerCoordinating.swift */,
				207ED6232B1CBFEF00273139 /* InitialSceneCoordinating.swift */,
				20EAA7562B2963EE001A31D7 /* NavigationControllerCoordinating.swift */,
				20EAA7592B29647B001A31D7 /* ViewControllerCoordinating+Show.swift */,
			);
			path = Protocols;
			sourceTree = "<group>";
		};
		207ED61F2B1CBF5700273139 /* Coordinators */ = {
			isa = PBXGroup;
			children = (
				20AA745B2B37860D00200C24 /* TeamCreation */,
				20CF60682B2CDFD00032573A /* MainMenu */,
				207ED6202B1CBF6300273139 /* InitialScene */,
			);
			path = Coordinators;
			sourceTree = "<group>";
		};
		207ED6202B1CBF6300273139 /* InitialScene */ = {
			isa = PBXGroup;
			children = (
				207ED6212B1CBF7600273139 /* InitialSceneCoordinator.swift */,
			);
			path = InitialScene;
			sourceTree = "<group>";
		};
		207ED6252B1CC12C00273139 /* Resources */ = {
			isa = PBXGroup;
			children = (
				2080979E2B12524600972BE9 /* Assets.xcassets */,
				207ED6262B1CC14C00273139 /* LaunchScreen.storyboard */,
			);
			path = Resources;
			sourceTree = "<group>";
		};
		207ED6352B1CC70700273139 /* Application */ = {
			isa = PBXGroup;
			children = (
				207ED6362B1CC71000273139 /* AppDelegate.swift */,
				207ED6382B1CC75900273139 /* SceneDelegate.swift */,
				207ED63B2B1CCEA200273139 /* AppLifecycleResponding.swift */,
			);
			path = Application;
			sourceTree = "<group>";
		};
		207ED63D2B1CD1B600273139 /* App */ = {
			isa = PBXGroup;
			children = (
				207ED63E2B1CD1BD00273139 /* AppCoordinator.swift */,
			);
			path = App;
			sourceTree = "<group>";
		};
		2080978E2B12524500972BE9 = {
			isa = PBXGroup;
			children = (
				20D39D142B13400A00C6288E /* Core */,
				208FC61C2B125DAA0028F500 /* SharedUI */,
				208097992B12524500972BE9 /* Partyvity */,
				208097982B12524500972BE9 /* Products */,
			);
			sourceTree = "<group>";
		};
		208097982B12524500972BE9 /* Products */ = {
			isa = PBXGroup;
			children = (
				208097972B12524500972BE9 /* Partyvity.app */,
			);
			name = Products;
			sourceTree = "<group>";
		};
		208097992B12524500972BE9 /* Partyvity */ = {
			isa = PBXGroup;
			children = (
				207ED6402B1CD3F400273139 /* Info.plist */,
				207ED6352B1CC70700273139 /* Application */,
				207ED6252B1CC12C00273139 /* Resources */,
				200CB8A32B1BC832006A7DD7 /* Navigation */,
				200CB8A02B1BC77D006A7DD7 /* DependencyInjection */,
			);
			path = Partyvity;
			sourceTree = "<group>";
		};
		20AA745B2B37860D00200C24 /* TeamCreation */ = {
			isa = PBXGroup;
			children = (
				20AA745C2B37861600200C24 /* GameCoordinator.swift */,
				205CD76F2B3EAB27001649CF /* TeamCreationEventHandling.swift */,
			);
			path = TeamCreation;
			sourceTree = "<group>";
		};
		20CF60682B2CDFD00032573A /* MainMenu */ = {
			isa = PBXGroup;
			children = (
				20CF60692B2CDFDC0032573A /* MainMenuCoordinator.swift */,
			);
			path = MainMenu;
			sourceTree = "<group>";
		};
		20EAA7522B225337001A31D7 /* Factory */ = {
			isa = PBXGroup;
			children = (
				20EAA7532B22534F001A31D7 /* CoordinatorsFactory.swift */,
			);
			path = Factory;
			sourceTree = "<group>";
		};
/* End PBXGroup section */

/* Begin PBXNativeTarget section */
		208097962B12524500972BE9 /* Partyvity */ = {
			isa = PBXNativeTarget;
			buildConfigurationList = 208097A52B12524600972BE9 /* Build configuration list for PBXNativeTarget "Partyvity" */;
			buildPhases = (
				208097932B12524500972BE9 /* Sources */,
				208097942B12524500972BE9 /* Frameworks */,
				208097952B12524500972BE9 /* Resources */,
			);
			buildRules = (
			);
			dependencies = (
				207ED62E2B1CC1AB00273139 /* PBXTargetDependency */,
			);
			name = Partyvity;
			packageProductDependencies = (
				208FC61A2B125C930028F500 /* SharedUI */,
				200CB8A82B1BCAD9006A7DD7 /* Core */,
				200CB8AB2B1BCAE2006A7DD7 /* SharedUI */,
				200CB8B42B1BCFF0006A7DD7 /* Core */,
				200CB8B72B1BCFF9006A7DD7 /* SharedUI */,
				200CB8BA2B1BD0BC006A7DD7 /* Swinject */,
				207ED6312B1CC50800273139 /* RswiftLibrary */,
				207ED6332B1CC50800273139 /* rswift */,
			);
			productName = Partyvity;
			productReference = 208097972B12524500972BE9 /* Partyvity.app */;
			productType = "com.apple.product-type.application";
		};
/* End PBXNativeTarget section */

/* Begin PBXProject section */
		2080978F2B12524500972BE9 /* Project object */ = {
			isa = PBXProject;
			attributes = {
				BuildIndependentTargetsInParallel = 1;
				LastSwiftUpdateCheck = 1500;
				LastUpgradeCheck = 1500;
				TargetAttributes = {
					208097962B12524500972BE9 = {
						CreatedOnToolsVersion = 15.0.1;
					};
				};
			};
			buildConfigurationList = 208097922B12524500972BE9 /* Build configuration list for PBXProject "Partyvity" */;
			compatibilityVersion = "Xcode 14.0";
			developmentRegion = en;
			hasScannedForEncodings = 0;
			knownRegions = (
				en,
				Base,
			);
			mainGroup = 2080978E2B12524500972BE9;
			packageReferences = (
				200CB8B32B1BCFF0006A7DD7 /* XCLocalSwiftPackageReference "Core" */,
				200CB8B62B1BCFF9006A7DD7 /* XCLocalSwiftPackageReference "SharedUI" */,
				200CB8B92B1BD0BC006A7DD7 /* XCRemoteSwiftPackageReference "Swinject" */,
				207ED6302B1CC50800273139 /* XCRemoteSwiftPackageReference "R.swift" */,
			);
			productRefGroup = 208097982B12524500972BE9 /* Products */;
			projectDirPath = "";
			projectRoot = "";
			targets = (
				208097962B12524500972BE9 /* Partyvity */,
			);
		};
/* End PBXProject section */

/* Begin PBXResourcesBuildPhase section */
		208097952B12524500972BE9 /* Resources */ = {
			isa = PBXResourcesBuildPhase;
			buildActionMask = 2147483647;
			files = (
				207ED6272B1CC14C00273139 /* LaunchScreen.storyboard in Resources */,
				2080979F2B12524600972BE9 /* Assets.xcassets in Resources */,
			);
			runOnlyForDeploymentPostprocessing = 0;
		};
/* End PBXResourcesBuildPhase section */

/* Begin PBXSourcesBuildPhase section */
		208097932B12524500972BE9 /* Sources */ = {
			isa = PBXSourcesBuildPhase;
			buildActionMask = 2147483647;
			files = (
				20E2394B2B3EFCB30049D6BC /* InfrastructureRegistration.swift in Sources */,
				207ED63F2B1CD1BD00273139 /* AppCoordinator.swift in Sources */,
				200CB8A62B1BC855006A7DD7 /* Coordinator.swift in Sources */,
				200CB8B22B1BCD96006A7DD7 /* ViewControllerCoordinating.swift in Sources */,
				20EAA7542B22534F001A31D7 /* CoordinatorsFactory.swift in Sources */,
				20EAA75A2B29647B001A31D7 /* ViewControllerCoordinating+Show.swift in Sources */,
				20EAA7572B2963EE001A31D7 /* NavigationControllerCoordinating.swift in Sources */,
				20CF606C2B3038AD0032573A /* ViewModelRegistration.swift in Sources */,
				207ED6242B1CBFEF00273139 /* InitialSceneCoordinating.swift in Sources */,
				20CF606A2B2CDFDC0032573A /* MainMenuCoordinator.swift in Sources */,
				200CB8AE2B1BCD40006A7DD7 /* AppCoordinating.swift in Sources */,
				207ED6222B1CBF7600273139 /* InitialSceneCoordinator.swift in Sources */,
				207ED63C2B1CCEA200273139 /* AppLifecycleResponding.swift in Sources */,
				200CB8A22B1BC78D006A7DD7 /* ManagerContainer.swift in Sources */,
				207ED6392B1CC75900273139 /* SceneDelegate.swift in Sources */,
				207ED6372B1CC71000273139 /* AppDelegate.swift in Sources */,
				205CD7702B3EAB27001649CF /* TeamCreationEventHandling.swift in Sources */,
				200CB8B02B1BCD75006A7DD7 /* SceneCoordinating.swift in Sources */,
				20AA745D2B37861600200C24 /* GameCoordinator.swift in Sources */,
			);
			runOnlyForDeploymentPostprocessing = 0;
		};
/* End PBXSourcesBuildPhase section */

/* Begin PBXTargetDependency section */
		207ED62E2B1CC1AB00273139 /* PBXTargetDependency */ = {
			isa = PBXTargetDependency;
			productRef = 207ED62D2B1CC1AB00273139 /* RswiftGenerateInternalResources */;
		};
/* End PBXTargetDependency section */

/* Begin XCBuildConfiguration section */
		208097A32B12524600972BE9 /* Debug */ = {
			isa = XCBuildConfiguration;
			buildSettings = {
				ALWAYS_SEARCH_USER_PATHS = NO;
				ASSETCATALOG_COMPILER_GENERATE_SWIFT_ASSET_SYMBOL_EXTENSIONS = YES;
				CLANG_ANALYZER_NONNULL = YES;
				CLANG_ANALYZER_NUMBER_OBJECT_CONVERSION = YES_AGGRESSIVE;
				CLANG_CXX_LANGUAGE_STANDARD = "gnu++20";
				CLANG_ENABLE_MODULES = YES;
				CLANG_ENABLE_OBJC_ARC = YES;
				CLANG_ENABLE_OBJC_WEAK = YES;
				CLANG_WARN_BLOCK_CAPTURE_AUTORELEASING = YES;
				CLANG_WARN_BOOL_CONVERSION = YES;
				CLANG_WARN_COMMA = YES;
				CLANG_WARN_CONSTANT_CONVERSION = YES;
				CLANG_WARN_DEPRECATED_OBJC_IMPLEMENTATIONS = YES;
				CLANG_WARN_DIRECT_OBJC_ISA_USAGE = YES_ERROR;
				CLANG_WARN_DOCUMENTATION_COMMENTS = YES;
				CLANG_WARN_EMPTY_BODY = YES;
				CLANG_WARN_ENUM_CONVERSION = YES;
				CLANG_WARN_INFINITE_RECURSION = YES;
				CLANG_WARN_INT_CONVERSION = YES;
				CLANG_WARN_NON_LITERAL_NULL_CONVERSION = YES;
				CLANG_WARN_OBJC_IMPLICIT_RETAIN_SELF = YES;
				CLANG_WARN_OBJC_LITERAL_CONVERSION = YES;
				CLANG_WARN_OBJC_ROOT_CLASS = YES_ERROR;
				CLANG_WARN_QUOTED_INCLUDE_IN_FRAMEWORK_HEADER = YES;
				CLANG_WARN_RANGE_LOOP_ANALYSIS = YES;
				CLANG_WARN_STRICT_PROTOTYPES = YES;
				CLANG_WARN_SUSPICIOUS_MOVE = YES;
				CLANG_WARN_UNGUARDED_AVAILABILITY = YES_AGGRESSIVE;
				CLANG_WARN_UNREACHABLE_CODE = YES;
				CLANG_WARN__DUPLICATE_METHOD_MATCH = YES;
				COPY_PHASE_STRIP = NO;
				DEBUG_INFORMATION_FORMAT = dwarf;
				ENABLE_STRICT_OBJC_MSGSEND = YES;
				ENABLE_TESTABILITY = YES;
				ENABLE_USER_SCRIPT_SANDBOXING = YES;
				GCC_C_LANGUAGE_STANDARD = gnu17;
				GCC_DYNAMIC_NO_PIC = NO;
				GCC_NO_COMMON_BLOCKS = YES;
				GCC_OPTIMIZATION_LEVEL = 0;
				GCC_PREPROCESSOR_DEFINITIONS = (
					"DEBUG=1",
					"$(inherited)",
				);
				GCC_WARN_64_TO_32_BIT_CONVERSION = YES;
				GCC_WARN_ABOUT_RETURN_TYPE = YES_ERROR;
				GCC_WARN_UNDECLARED_SELECTOR = YES;
				GCC_WARN_UNINITIALIZED_AUTOS = YES_AGGRESSIVE;
				GCC_WARN_UNUSED_FUNCTION = YES;
				GCC_WARN_UNUSED_VARIABLE = YES;
				IPHONEOS_DEPLOYMENT_TARGET = 17.0;
				LOCALIZATION_PREFERS_STRING_CATALOGS = YES;
				MTL_ENABLE_DEBUG_INFO = INCLUDE_SOURCE;
				MTL_FAST_MATH = YES;
				ONLY_ACTIVE_ARCH = YES;
				SDKROOT = iphoneos;
				SWIFT_ACTIVE_COMPILATION_CONDITIONS = "DEBUG $(inherited)";
				SWIFT_EMIT_LOC_STRINGS = YES;
				SWIFT_OPTIMIZATION_LEVEL = "-Onone";
			};
			name = Debug;
		};
		208097A42B12524600972BE9 /* Release */ = {
			isa = XCBuildConfiguration;
			buildSettings = {
				ALWAYS_SEARCH_USER_PATHS = NO;
				ASSETCATALOG_COMPILER_GENERATE_SWIFT_ASSET_SYMBOL_EXTENSIONS = YES;
				CLANG_ANALYZER_NONNULL = YES;
				CLANG_ANALYZER_NUMBER_OBJECT_CONVERSION = YES_AGGRESSIVE;
				CLANG_CXX_LANGUAGE_STANDARD = "gnu++20";
				CLANG_ENABLE_MODULES = YES;
				CLANG_ENABLE_OBJC_ARC = YES;
				CLANG_ENABLE_OBJC_WEAK = YES;
				CLANG_WARN_BLOCK_CAPTURE_AUTORELEASING = YES;
				CLANG_WARN_BOOL_CONVERSION = YES;
				CLANG_WARN_COMMA = YES;
				CLANG_WARN_CONSTANT_CONVERSION = YES;
				CLANG_WARN_DEPRECATED_OBJC_IMPLEMENTATIONS = YES;
				CLANG_WARN_DIRECT_OBJC_ISA_USAGE = YES_ERROR;
				CLANG_WARN_DOCUMENTATION_COMMENTS = YES;
				CLANG_WARN_EMPTY_BODY = YES;
				CLANG_WARN_ENUM_CONVERSION = YES;
				CLANG_WARN_INFINITE_RECURSION = YES;
				CLANG_WARN_INT_CONVERSION = YES;
				CLANG_WARN_NON_LITERAL_NULL_CONVERSION = YES;
				CLANG_WARN_OBJC_IMPLICIT_RETAIN_SELF = YES;
				CLANG_WARN_OBJC_LITERAL_CONVERSION = YES;
				CLANG_WARN_OBJC_ROOT_CLASS = YES_ERROR;
				CLANG_WARN_QUOTED_INCLUDE_IN_FRAMEWORK_HEADER = YES;
				CLANG_WARN_RANGE_LOOP_ANALYSIS = YES;
				CLANG_WARN_STRICT_PROTOTYPES = YES;
				CLANG_WARN_SUSPICIOUS_MOVE = YES;
				CLANG_WARN_UNGUARDED_AVAILABILITY = YES_AGGRESSIVE;
				CLANG_WARN_UNREACHABLE_CODE = YES;
				CLANG_WARN__DUPLICATE_METHOD_MATCH = YES;
				COPY_PHASE_STRIP = NO;
				DEBUG_INFORMATION_FORMAT = "dwarf-with-dsym";
				ENABLE_NS_ASSERTIONS = NO;
				ENABLE_STRICT_OBJC_MSGSEND = YES;
				ENABLE_USER_SCRIPT_SANDBOXING = YES;
				GCC_C_LANGUAGE_STANDARD = gnu17;
				GCC_NO_COMMON_BLOCKS = YES;
				GCC_WARN_64_TO_32_BIT_CONVERSION = YES;
				GCC_WARN_ABOUT_RETURN_TYPE = YES_ERROR;
				GCC_WARN_UNDECLARED_SELECTOR = YES;
				GCC_WARN_UNINITIALIZED_AUTOS = YES_AGGRESSIVE;
				GCC_WARN_UNUSED_FUNCTION = YES;
				GCC_WARN_UNUSED_VARIABLE = YES;
				IPHONEOS_DEPLOYMENT_TARGET = 17.0;
				LOCALIZATION_PREFERS_STRING_CATALOGS = YES;
				MTL_ENABLE_DEBUG_INFO = NO;
				MTL_FAST_MATH = YES;
				SDKROOT = iphoneos;
				SWIFT_COMPILATION_MODE = wholemodule;
				SWIFT_EMIT_LOC_STRINGS = YES;
				VALIDATE_PRODUCT = YES;
			};
			name = Release;
		};
		208097A62B12524600972BE9 /* Debug */ = {
			isa = XCBuildConfiguration;
			buildSettings = {
				ASSETCATALOG_COMPILER_APPICON_NAME = AppIcon;
				ASSETCATALOG_COMPILER_GLOBAL_ACCENT_COLOR_NAME = AccentColor;
				CODE_SIGN_STYLE = Automatic;
				CURRENT_PROJECT_VERSION = 1;
				DEVELOPMENT_ASSET_PATHS = "";
				DEVELOPMENT_TEAM = VJ4397ZV9N;
				ENABLE_PREVIEWS = YES;
				GENERATE_INFOPLIST_FILE = YES;
				INFOPLIST_FILE = Partyvity/Info.plist;
				INFOPLIST_KEY_CFBundleDisplayName = Partyvity;
				INFOPLIST_KEY_LSApplicationCategoryType = "public.app-category.trivia-games";
				INFOPLIST_KEY_UIApplicationSupportsIndirectInputEvents = YES;
				INFOPLIST_KEY_UILaunchStoryboardName = LaunchScreen;
				INFOPLIST_KEY_UISupportedInterfaceOrientations_iPad = "UIInterfaceOrientationPortrait UIInterfaceOrientationPortraitUpsideDown";
				INFOPLIST_KEY_UISupportedInterfaceOrientations_iPhone = UIInterfaceOrientationPortrait;
				IPHONEOS_DEPLOYMENT_TARGET = 16.1;
				LD_RUNPATH_SEARCH_PATHS = (
					"$(inherited)",
					"@executable_path/Frameworks",
				);
				MARKETING_VERSION = 1.0;
				PRODUCT_BUNDLE_IDENTIFIER = com.rb.dev.swiftui.Partyvity;
				PRODUCT_NAME = "$(TARGET_NAME)";
				SWIFT_EMIT_LOC_STRINGS = YES;
				SWIFT_VERSION = 5.0;
				TARGETED_DEVICE_FAMILY = "1,2";
			};
			name = Debug;
		};
		208097A72B12524600972BE9 /* Release */ = {
			isa = XCBuildConfiguration;
			buildSettings = {
				ASSETCATALOG_COMPILER_APPICON_NAME = AppIcon;
				ASSETCATALOG_COMPILER_GLOBAL_ACCENT_COLOR_NAME = AccentColor;
				CODE_SIGN_STYLE = Automatic;
				CURRENT_PROJECT_VERSION = 1;
				DEVELOPMENT_ASSET_PATHS = "";
				DEVELOPMENT_TEAM = VJ4397ZV9N;
				ENABLE_PREVIEWS = YES;
				GENERATE_INFOPLIST_FILE = YES;
				INFOPLIST_FILE = Partyvity/Info.plist;
				INFOPLIST_KEY_CFBundleDisplayName = Partyvity;
				INFOPLIST_KEY_LSApplicationCategoryType = "public.app-category.trivia-games";
				INFOPLIST_KEY_UIApplicationSupportsIndirectInputEvents = YES;
				INFOPLIST_KEY_UILaunchStoryboardName = LaunchScreen;
				INFOPLIST_KEY_UISupportedInterfaceOrientations_iPad = "UIInterfaceOrientationPortrait UIInterfaceOrientationPortraitUpsideDown";
				INFOPLIST_KEY_UISupportedInterfaceOrientations_iPhone = UIInterfaceOrientationPortrait;
				IPHONEOS_DEPLOYMENT_TARGET = 16.1;
				LD_RUNPATH_SEARCH_PATHS = (
					"$(inherited)",
					"@executable_path/Frameworks",
				);
				MARKETING_VERSION = 1.0;
				PRODUCT_BUNDLE_IDENTIFIER = com.rb.dev.swiftui.Partyvity;
				PRODUCT_NAME = "$(TARGET_NAME)";
				SWIFT_EMIT_LOC_STRINGS = YES;
				SWIFT_VERSION = 5.0;
				TARGETED_DEVICE_FAMILY = "1,2";
			};
			name = Release;
		};
/* End XCBuildConfiguration section */

/* Begin XCConfigurationList section */
		208097922B12524500972BE9 /* Build configuration list for PBXProject "Partyvity" */ = {
			isa = XCConfigurationList;
			buildConfigurations = (
				208097A32B12524600972BE9 /* Debug */,
				208097A42B12524600972BE9 /* Release */,
			);
			defaultConfigurationIsVisible = 0;
			defaultConfigurationName = Release;
		};
		208097A52B12524600972BE9 /* Build configuration list for PBXNativeTarget "Partyvity" */ = {
			isa = XCConfigurationList;
			buildConfigurations = (
				208097A62B12524600972BE9 /* Debug */,
				208097A72B12524600972BE9 /* Release */,
			);
			defaultConfigurationIsVisible = 0;
			defaultConfigurationName = Release;
		};
/* End XCConfigurationList section */

/* Begin XCLocalSwiftPackageReference section */
		200CB8B32B1BCFF0006A7DD7 /* XCLocalSwiftPackageReference "Core" */ = {
			isa = XCLocalSwiftPackageReference;
			relativePath = Core;
		};
		200CB8B62B1BCFF9006A7DD7 /* XCLocalSwiftPackageReference "SharedUI" */ = {
			isa = XCLocalSwiftPackageReference;
			relativePath = SharedUI;
		};
/* End XCLocalSwiftPackageReference section */

/* Begin XCRemoteSwiftPackageReference section */
		200CB8B92B1BD0BC006A7DD7 /* XCRemoteSwiftPackageReference "Swinject" */ = {
			isa = XCRemoteSwiftPackageReference;
			repositoryURL = "https://github.com/Swinject/Swinject.git";
			requirement = {
				kind = upToNextMinorVersion;
				minimumVersion = 2.8.4;
			};
		};
		207ED6282B1CC16D00273139 /* XCRemoteSwiftPackageReference "R.swift" */ = {
			isa = XCRemoteSwiftPackageReference;
			repositoryURL = "git@github.com:mac-cain13/R.swift.git";
			requirement = {
				kind = upToNextMajorVersion;
				minimumVersion = 7.4.0;
			};
		};
		207ED6302B1CC50800273139 /* XCRemoteSwiftPackageReference "R.swift" */ = {
			isa = XCRemoteSwiftPackageReference;
			repositoryURL = "https://github.com/mac-cain13/R.swift.git";
			requirement = {
				kind = exactVersion;
				version = 7.4.0;
			};
		};
/* End XCRemoteSwiftPackageReference section */

/* Begin XCSwiftPackageProductDependency section */
		200CB8A82B1BCAD9006A7DD7 /* Core */ = {
			isa = XCSwiftPackageProductDependency;
			productName = Core;
		};
		200CB8AB2B1BCAE2006A7DD7 /* SharedUI */ = {
			isa = XCSwiftPackageProductDependency;
			productName = SharedUI;
		};
		200CB8B42B1BCFF0006A7DD7 /* Core */ = {
			isa = XCSwiftPackageProductDependency;
			productName = Core;
		};
		200CB8B72B1BCFF9006A7DD7 /* SharedUI */ = {
			isa = XCSwiftPackageProductDependency;
			productName = SharedUI;
		};
		200CB8BA2B1BD0BC006A7DD7 /* Swinject */ = {
			isa = XCSwiftPackageProductDependency;
			package = 200CB8B92B1BD0BC006A7DD7 /* XCRemoteSwiftPackageReference "Swinject" */;
			productName = Swinject;
		};
		207ED62D2B1CC1AB00273139 /* RswiftGenerateInternalResources */ = {
			isa = XCSwiftPackageProductDependency;
			package = 207ED6282B1CC16D00273139 /* XCRemoteSwiftPackageReference "R.swift" */;
			productName = "plugin:RswiftGenerateInternalResources";
		};
		207ED6312B1CC50800273139 /* RswiftLibrary */ = {
			isa = XCSwiftPackageProductDependency;
			package = 207ED6302B1CC50800273139 /* XCRemoteSwiftPackageReference "R.swift" */;
			productName = RswiftLibrary;
		};
		207ED6332B1CC50800273139 /* rswift */ = {
			isa = XCSwiftPackageProductDependency;
			package = 207ED6302B1CC50800273139 /* XCRemoteSwiftPackageReference "R.swift" */;
			productName = rswift;
		};
		208FC61A2B125C930028F500 /* SharedUI */ = {
			isa = XCSwiftPackageProductDependency;
			productName = SharedUI;
		};
/* End XCSwiftPackageProductDependency section */
	};
	rootObject = 2080978F2B12524500972BE9 /* Project object */;
}
